
Microsoft Visual Studio Solution File, Format Version 12.00
# Visual Studio Version 17
VisualStudioVersion = 17.5.33516.290
MinimumVisualStudioVersion = 10.0.40219.1
Project("{9A19103F-16F7-4668-BE54-9A1E7A4F7556}") = "InternshipChat.Api", "InternshipChat.Api\InternshipChat.Api.csproj", "{1DEFFFC5-88EA-4619-A018-5FA85B05405A}"
EndProject
Project("{9A19103F-16F7-4668-BE54-9A1E7A4F7556}") = "InternshipChat.BLL", "InternshipChat.BLL\InternshipChat.BLL.csproj", "{D03C343A-4EF3-4290-BAFF-1D87D50080CA}"
EndProject
Project("{9A19103F-16F7-4668-BE54-9A1E7A4F7556}") = "InternshipChat.DAL", "InternshipChat.DAL\InternshipChat.DAL.csproj", "{AEDE9F46-65F2-416A-92CF-04754E8EE051}"
EndProject
Project("{9A19103F-16F7-4668-BE54-9A1E7A4F7556}") = "InternshipChat.WEB", "InternshipChat.WEB\InternshipChat.WEB.csproj", "{035683EF-D2DA-45C8-8910-7D9CCDDEBB5C}"
EndProject
Project("{00D1A9C2-B5F0-4AF3-8072-F6C62B433612}") = "ChatDbProject", "ChatDbProject\ChatDbProject.sqlproj", "{23E8FE3E-6B49-41E7-A5B9-45D2E2FEEDB5}"
EndProject
Project("{9A19103F-16F7-4668-BE54-9A1E7A4F7556}") = "InternshipChat.Shared", "InternshipChat.Shared\InternshipChat.Shared.csproj", "{59E48189-7F3E-491D-819D-E02275907653}"
EndProject
Project("{9A19103F-16F7-4668-BE54-9A1E7A4F7556}") = "InternshipChat.UnitTests", "InternshipChat.UnitTests\InternshipChat.UnitTests.csproj", "{B6E6B3D0-EF2A-40A7-A7EF-4D440B820614}"
EndProject
Project("{9A19103F-16F7-4668-BE54-9A1E7A4F7556}") = "InternshipChat.IntegrationTests", "InternshipChat.IntegrationTests\InternshipChat.IntegrationTests.csproj", "{D7B018EB-82E9-4751-A446-FC4FC76D90D3}"
EndProject
Project("{151D2E53-A2C4-4D7D-83FE-D05416EBD58E}") = "InternshipChat.ArmTemplates", "InternshipChat.ArmTemplates\InternshipChat.ArmTemplates.deployproj", "{58EBC6C5-141E-4CB0-B4C0-C43E2EB4F6B0}"
EndProject
Project("{9A19103F-16F7-4668-BE54-9A1E7A4F7556}") = "InternshipChat.Infrastructure", "InternshipChat.Infrastructure\InternshipChat.Infrastructure.csproj", "{221BB1CF-62B0-4F6D-A33C-2C6D3036D00B}"
EndProject
Project("{FAE04EC0-301F-11D3-BF4B-00C04F79EFBC}") = "InternshipChat.AttachmentFunctions", "InternshipChat.AttachmentFunctions\InternshipChat.AttachmentFunctions.csproj", "{09BEF1AB-0147-4B1A-AB6F-1AF74C902560}"
EndProject
Global
	GlobalSection(SolutionConfigurationPlatforms) = preSolution
		Debug|Any CPU = Debug|Any CPU
		Release|Any CPU = Release|Any CPU
	EndGlobalSection
	GlobalSection(ProjectConfigurationPlatforms) = postSolution
		{1DEFFFC5-88EA-4619-A018-5FA85B05405A}.Debug|Any CPU.ActiveCfg = Debug|Any CPU
		{1DEFFFC5-88EA-4619-A018-5FA85B05405A}.Debug|Any CPU.Build.0 = Debug|Any CPU
		{1DEFFFC5-88EA-4619-A018-5FA85B05405A}.Release|Any CPU.ActiveCfg = Release|Any CPU
		{1DEFFFC5-88EA-4619-A018-5FA85B05405A}.Release|Any CPU.Build.0 = Release|Any CPU
		{D03C343A-4EF3-4290-BAFF-1D87D50080CA}.Debug|Any CPU.ActiveCfg = Debug|Any CPU
		{D03C343A-4EF3-4290-BAFF-1D87D50080CA}.Debug|Any CPU.Build.0 = Debug|Any CPU
		{D03C343A-4EF3-4290-BAFF-1D87D50080CA}.Release|Any CPU.ActiveCfg = Release|Any CPU
		{D03C343A-4EF3-4290-BAFF-1D87D50080CA}.Release|Any CPU.Build.0 = Release|Any CPU
		{AEDE9F46-65F2-416A-92CF-04754E8EE051}.Debug|Any CPU.ActiveCfg = Debug|Any CPU
		{AEDE9F46-65F2-416A-92CF-04754E8EE051}.Debug|Any CPU.Build.0 = Debug|Any CPU
		{AEDE9F46-65F2-416A-92CF-04754E8EE051}.Release|Any CPU.ActiveCfg = Release|Any CPU
		{AEDE9F46-65F2-416A-92CF-04754E8EE051}.Release|Any CPU.Build.0 = Release|Any CPU
		{035683EF-D2DA-45C8-8910-7D9CCDDEBB5C}.Debug|Any CPU.ActiveCfg = Debug|Any CPU
		{035683EF-D2DA-45C8-8910-7D9CCDDEBB5C}.Debug|Any CPU.Build.0 = Debug|Any CPU
		{035683EF-D2DA-45C8-8910-7D9CCDDEBB5C}.Release|Any CPU.ActiveCfg = Release|Any CPU
		{035683EF-D2DA-45C8-8910-7D9CCDDEBB5C}.Release|Any CPU.Build.0 = Release|Any CPU
		{23E8FE3E-6B49-41E7-A5B9-45D2E2FEEDB5}.Debug|Any CPU.ActiveCfg = Debug|Any CPU
		{23E8FE3E-6B49-41E7-A5B9-45D2E2FEEDB5}.Debug|Any CPU.Deploy.0 = Debug|Any CPU
		{23E8FE3E-6B49-41E7-A5B9-45D2E2FEEDB5}.Release|Any CPU.ActiveCfg = Release|Any CPU
		{23E8FE3E-6B49-41E7-A5B9-45D2E2FEEDB5}.Release|Any CPU.Build.0 = Release|Any CPU
		{23E8FE3E-6B49-41E7-A5B9-45D2E2FEEDB5}.Release|Any CPU.Deploy.0 = Release|Any CPU
		{59E48189-7F3E-491D-819D-E02275907653}.Debug|Any CPU.ActiveCfg = Debug|Any CPU
		{59E48189-7F3E-491D-819D-E02275907653}.Debug|Any CPU.Build.0 = Debug|Any CPU
		{59E48189-7F3E-491D-819D-E02275907653}.Release|Any CPU.ActiveCfg = Release|Any CPU
		{59E48189-7F3E-491D-819D-E02275907653}.Release|Any CPU.Build.0 = Release|Any CPU
		{B6E6B3D0-EF2A-40A7-A7EF-4D440B820614}.Debug|Any CPU.ActiveCfg = Debug|Any CPU
		{B6E6B3D0-EF2A-40A7-A7EF-4D440B820614}.Release|Any CPU.ActiveCfg = Release|Any CPU
		{B6E6B3D0-EF2A-40A7-A7EF-4D440B820614}.Release|Any CPU.Build.0 = Release|Any CPU
		{D7B018EB-82E9-4751-A446-FC4FC76D90D3}.Debug|Any CPU.ActiveCfg = Debug|Any CPU
		{D7B018EB-82E9-4751-A446-FC4FC76D90D3}.Debug|Any CPU.Build.0 = Debug|Any CPU
		{D7B018EB-82E9-4751-A446-FC4FC76D90D3}.Release|Any CPU.ActiveCfg = Release|Any CPU
		{D7B018EB-82E9-4751-A446-FC4FC76D90D3}.Release|Any CPU.Build.0 = Release|Any CPU
		{58EBC6C5-141E-4CB0-B4C0-C43E2EB4F6B0}.Debug|Any CPU.ActiveCfg = Debug|Any CPU
		{58EBC6C5-141E-4CB0-B4C0-C43E2EB4F6B0}.Debug|Any CPU.Build.0 = Debug|Any CPU
		{58EBC6C5-141E-4CB0-B4C0-C43E2EB4F6B0}.Release|Any CPU.ActiveCfg = Release|Any CPU
		{58EBC6C5-141E-4CB0-B4C0-C43E2EB4F6B0}.Release|Any CPU.Build.0 = Release|Any CPU
		{221BB1CF-62B0-4F6D-A33C-2C6D3036D00B}.Debug|Any CPU.ActiveCfg = Debug|Any CPU
		{221BB1CF-62B0-4F6D-A33C-2C6D3036D00B}.Debug|Any CPU.Build.0 = Debug|Any CPU
		{221BB1CF-62B0-4F6D-A33C-2C6D3036D00B}.Release|Any CPU.ActiveCfg = Release|Any CPU
		{221BB1CF-62B0-4F6D-A33C-2C6D3036D00B}.Release|Any CPU.Build.0 = Release|Any CPU
		{09BEF1AB-0147-4B1A-AB6F-1AF74C902560}.Debug|Any CPU.ActiveCfg = Debug|Any CPU
		{09BEF1AB-0147-4B1A-AB6F-1AF74C902560}.Debug|Any CPU.Build.0 = Debug|Any CPU
		{09BEF1AB-0147-4B1A-AB6F-1AF74C902560}.Release|Any CPU.ActiveCfg = Release|Any CPU
		{09BEF1AB-0147-4B1A-AB6F-1AF74C902560}.Release|Any CPU.Build.0 = Release|Any CPU
	EndGlobalSection
	GlobalSection(SolutionProperties) = preSolution
		HideSolutionNode = FALSE
	EndGlobalSection
	GlobalSection(ExtensibilityGlobals) = postSolution
		SolutionGuid = {2C96B358-A79A-4A1F-BAE1-B8673B0FCE84}
	EndGlobalSection
EndGlobal
